
Microsoft Visual Studio Solution File, Format Version 12.00
# Visual Studio Version 17
VisualStudioVersion = 17.3.32825.248
MinimumVisualStudioVersion = 10.0.40219.1
Project("{9A19103F-16F7-4668-BE54-9A1E7A4F7556}") = "cert2src", "cert2src.csproj", "{9C90CF4A-ACF3-42F6-AA21-988BAD62FE2A}"
EndProject
Project("{2150E333-8FDC-42A3-9474-1A3956D46DE8}") = "Solution Items", "Solution Items", "{7EFFDF24-65DC-4D35-BAA7-A4F451666CC1}"
	ProjectSection(SolutionItems) = preProject
		.editorconfig = .editorconfig
		..\README.md = ..\README.md
	EndProjectSection
EndProject
Global
	GlobalSection(SolutionConfigurationPlatforms) = preSolution
		Debug|Any CPU = Debug|Any CPU
		Release|Any CPU = Release|Any CPU
	EndGlobalSection
	GlobalSection(ProjectConfigurationPlatforms) = postSolution
		{9C90CF4A-ACF3-42F6-AA21-988BAD62FE2A}.Debug|Any CPU.ActiveCfg = Debug|Any CPU
		{9C90CF4A-ACF3-42F6-AA21-988BAD62FE2A}.Debug|Any CPU.Build.0 = Debug|Any CPU
		{9C90CF4A-ACF3-42F6-AA21-988BAD62FE2A}.Release|Any CPU.ActiveCfg = Release|Any CPU
		{9C90CF4A-ACF3-42F6-AA21-988BAD62FE2A}.Release|Any CPU.Build.0 = Release|Any CPU
	EndGlobalSection
	GlobalSection(SolutionProperties) = preSolution
		HideSolutionNode = FALSE
	EndGlobalSection
	GlobalSection(ExtensibilityGlobals) = postSolution
		SolutionGuid = {BDD73A25-CB84-4571-BCD3-0376415E3AD9}
	EndGlobalSection
EndGlobal
